
Microsoft Visual Studio Solution File, Format Version 12.00
# Visual Studio Version 17
VisualStudioVersion = 17.0.31903.59
MinimumVisualStudioVersion = 10.0.40219.1
Project("{2150E333-8FDC-42A3-9474-1A3956D46DE8}") = "src", "src", "{B0D79076-7CF9-4439-A752-94290A7A3C6C}"
EndProject
Project("{FAE04EC0-301F-11D3-BF4B-00C04F79EFBC}") = "AutoCinema.Pro", "src\AutoCinema.Pro\AutoCinema.Pro.csproj", "{06A68690-8D4D-4A39-BF85-C4D4F2BD66D9}"
EndProject
Global
	GlobalSection(SolutionConfigurationPlatforms) = preSolution
		Debug|Any CPU = Debug|Any CPU
		Release|Any CPU = Release|Any CPU
	EndGlobalSection
	GlobalSection(SolutionProperties) = preSolution
		HideSolutionNode = FALSE
	EndGlobalSection
	GlobalSection(ProjectConfigurationPlatforms) = postSolution
		{06A68690-8D4D-4A39-BF85-C4D4F2BD66D9}.Debug|Any CPU.ActiveCfg = Debug|Any CPU
		{06A68690-8D4D-4A39-BF85-C4D4F2BD66D9}.Debug|Any CPU.Build.0 = Debug|Any CPU
		{06A68690-8D4D-4A39-BF85-C4D4F2BD66D9}.Release|Any CPU.ActiveCfg = Release|Any CPU
		{06A68690-8D4D-4A39-BF85-C4D4F2BD66D9}.Release|Any CPU.Build.0 = Release|Any CPU
	EndGlobalSection
	GlobalSection(NestedProjects) = preSolution
		{06A68690-8D4D-4A39-BF85-C4D4F2BD66D9} = {B0D79076-7CF9-4439-A752-94290A7A3C6C}
	EndGlobalSection
EndGlobal
